
Microsoft Visual Studio Solution File, Format Version 12.00
# Visual Studio Version 17
VisualStudioVersion = 17.3.32811.315
MinimumVisualStudioVersion = 10.0.40219.1
Project("{9A19103F-16F7-4668-BE54-9A1E7A4F7556}") = "DemoLinq", "src\DemoLinq\DemoLinq.csproj", "{3CCCC9A5-2967-4283-B731-DF7F0CCE881F}"
EndProject
Project("{9A19103F-16F7-4668-BE54-9A1E7A4F7556}") = "DemoSansMain", "src\DemoSansMain\DemoSansMain.csproj", "{38365327-4951-4E17-971F-4A211AA2DDFA}"
EndProject
Project("{9A19103F-16F7-4668-BE54-9A1E7A4F7556}") = "DemoPremiere", "src\PremiereDemo\DemoPremiere.csproj", "{F662FCFF-3014-41D6-9035-5A8DB70757C9}"
EndProject
Project("{9A19103F-16F7-4668-BE54-9A1E7A4F7556}") = "Tp1Heritage", "src\Tp1Heritage\Tp1Heritage.csproj", "{1C01FF8D-3ACF-4C53-9EF8-75A4E7067388}"
EndProject
Project("{9A19103F-16F7-4668-BE54-9A1E7A4F7556}") = "Tp2", "src\Tp2\Tp2.csproj", "{009B20FA-1954-4D41-A2FD-038E9915F5E4}"
EndProject
Project("{2150E333-8FDC-42A3-9474-1A3956D46DE8}") = "Demos", "Demos", "{017AA779-A5BB-4CFF-BCD5-8168624420AE}"
EndProject
Project("{2150E333-8FDC-42A3-9474-1A3956D46DE8}") = "TP", "TP", "{7B2D769F-DC8A-4135-AF60-A73D9357CC83}"
EndProject
Project("{2150E333-8FDC-42A3-9474-1A3956D46DE8}") = "Corrections", "Corrections", "{5B1EF196-DD07-41E3-9F29-59DF98CF21BB}"
EndProject
Project("{9A19103F-16F7-4668-BE54-9A1E7A4F7556}") = "DemoMVC1", "src\DemoMVC1\DemoMVC1.csproj", "{D6335C92-856A-4F1F-9C0E-B703EAB120B6}"
EndProject
Project("{9A19103F-16F7-4668-BE54-9A1E7A4F7556}") = "TPHeritage", "src\TPHeritage\TPHeritage.csproj", "{D70090FF-9358-4947-BBC4-D287A02AF8BA}"
EndProject
Project("{9A19103F-16F7-4668-BE54-9A1E7A4F7556}") = "TPLinq", "src\TPLinq\TPLinq.csproj", "{B957B16E-1159-4BCD-80F2-7BB557450528}"
EndProject
Project("{9A19103F-16F7-4668-BE54-9A1E7A4F7556}") = "TPLinq.Live", "src\TPLinq.Live\TPLinq.Live.csproj", "{9D50DB4D-E3FD-4B69-8B1C-9C0355F416E3}"
EndProject
Project("{9A19103F-16F7-4668-BE54-9A1E7A4F7556}") = "TPChats", "src\TPChats\TPChats.csproj", "{D57B8BDC-0533-4D99-B0DD-F4555ED977BE}"
EndProject
Project("{2150E333-8FDC-42A3-9474-1A3956D46DE8}") = "TpPizza", "TpPizza", "{A7683B21-C306-4F3E-A14C-01C8F6448F03}"
EndProject
Project("{9A19103F-16F7-4668-BE54-9A1E7A4F7556}") = "TpPizza.business", "src\TpPizza\TpPizza.business\TpPizza.business.csproj", "{D2CC7129-5AFB-44C0-B24C-BF803ECA00E8}"
EndProject
Project("{9A19103F-16F7-4668-BE54-9A1E7A4F7556}") = "TpPizza.Web", "src\TpPizza\TpPizza.Web\TpPizza.Web.csproj", "{E8B26422-0CCA-4CE4-98F3-23F241D83382}"
EndProject
Project("{2150E333-8FDC-42A3-9474-1A3956D46DE8}") = "TpDojo", "TpDojo", "{599C3D36-3C2F-4739-A21C-679DBD273A52}"
EndProject
Project("{9A19103F-16F7-4668-BE54-9A1E7A4F7556}") = "TpDojo.Business", "src\TpDojo\TpDojo.Business\TpDojo.Business.csproj", "{AFC968BD-AE31-4A55-A165-F68C77826B27}"
EndProject
Project("{9A19103F-16F7-4668-BE54-9A1E7A4F7556}") = "TpDojo.DAL", "src\TpDojo\TpDojo.DAL\TpDojo.DAL.csproj", "{A2950C12-B8E5-4538-B843-F82A35CACFBC}"
EndProject
Project("{9A19103F-16F7-4668-BE54-9A1E7A4F7556}") = "TpDojo.WEB", "src\TpDojo\TpDojo.WEB\TpDojo.WEB.csproj", "{13597408-EEC9-4DE0-93AA-46F7DF83CFDC}"
EndProject
Project("{9A19103F-16F7-4668-BE54-9A1E7A4F7556}") = "AlbumMusique", "src\AlbumMusique\AlbumMusique.csproj", "{1DCA2D12-B91B-4A1E-A40F-8B17E140ABD1}"
EndProject
Project("{9A19103F-16F7-4668-BE54-9A1E7A4F7556}") = "AlbumMusique.BO", "src\AlbumMusique.BO\AlbumMusique.BO.csproj", "{C4486FD4-A75D-4CCD-A31C-0E13C9D8FCAA}"
EndProject
Project("{2150E333-8FDC-42A3-9474-1A3956D46DE8}") = "Musique", "Musique", "{E8160E6D-9AB9-42E8-B3F3-2B7630DDFA36}"
EndProject
Project("{9A19103F-16F7-4668-BE54-9A1E7A4F7556}") = "DemoConception.Api", "src\DemoConception.Api\DemoConception.Api.csproj", "{534A8429-E043-4884-83B4-F689F877A13E}"
EndProject
Project("{9A19103F-16F7-4668-BE54-9A1E7A4F7556}") = "DemoConception.Blazor", "src\DemoConception.Blazor\DemoConception.Blazor.csproj", "{B5DF76FA-0706-4CF0-8D14-B91B82227C8D}"
EndProject
Project("{9A19103F-16F7-4668-BE54-9A1E7A4F7556}") = "DemoConception.Business", "src\DemoConception.Business\DemoConception.Business.csproj", "{D8A65B43-863E-4706-AA64-CBDC7CBF2928}"
EndProject
Project("{9A19103F-16F7-4668-BE54-9A1E7A4F7556}") = "DemoConception.DAL", "src\DemoConception.DAL\DemoConception.DAL.csproj", "{2CEE5864-5056-42BC-B3B6-246B6FC1F489}"
EndProject
Global
	GlobalSection(SolutionConfigurationPlatforms) = preSolution
		Debug|Any CPU = Debug|Any CPU
		Release|Any CPU = Release|Any CPU
	EndGlobalSection
	GlobalSection(ProjectConfigurationPlatforms) = postSolution
		{3CCCC9A5-2967-4283-B731-DF7F0CCE881F}.Debug|Any CPU.ActiveCfg = Debug|Any CPU
		{3CCCC9A5-2967-4283-B731-DF7F0CCE881F}.Debug|Any CPU.Build.0 = Debug|Any CPU
		{3CCCC9A5-2967-4283-B731-DF7F0CCE881F}.Release|Any CPU.ActiveCfg = Release|Any CPU
		{3CCCC9A5-2967-4283-B731-DF7F0CCE881F}.Release|Any CPU.Build.0 = Release|Any CPU
		{38365327-4951-4E17-971F-4A211AA2DDFA}.Debug|Any CPU.ActiveCfg = Debug|Any CPU
		{38365327-4951-4E17-971F-4A211AA2DDFA}.Debug|Any CPU.Build.0 = Debug|Any CPU
		{38365327-4951-4E17-971F-4A211AA2DDFA}.Release|Any CPU.ActiveCfg = Release|Any CPU
		{38365327-4951-4E17-971F-4A211AA2DDFA}.Release|Any CPU.Build.0 = Release|Any CPU
		{F662FCFF-3014-41D6-9035-5A8DB70757C9}.Debug|Any CPU.ActiveCfg = Debug|Any CPU
		{F662FCFF-3014-41D6-9035-5A8DB70757C9}.Debug|Any CPU.Build.0 = Debug|Any CPU
		{F662FCFF-3014-41D6-9035-5A8DB70757C9}.Release|Any CPU.ActiveCfg = Release|Any CPU
		{F662FCFF-3014-41D6-9035-5A8DB70757C9}.Release|Any CPU.Build.0 = Release|Any CPU
		{1C01FF8D-3ACF-4C53-9EF8-75A4E7067388}.Debug|Any CPU.ActiveCfg = Debug|Any CPU
		{1C01FF8D-3ACF-4C53-9EF8-75A4E7067388}.Debug|Any CPU.Build.0 = Debug|Any CPU
		{1C01FF8D-3ACF-4C53-9EF8-75A4E7067388}.Release|Any CPU.ActiveCfg = Release|Any CPU
		{1C01FF8D-3ACF-4C53-9EF8-75A4E7067388}.Release|Any CPU.Build.0 = Release|Any CPU
		{009B20FA-1954-4D41-A2FD-038E9915F5E4}.Debug|Any CPU.ActiveCfg = Debug|Any CPU
		{009B20FA-1954-4D41-A2FD-038E9915F5E4}.Debug|Any CPU.Build.0 = Debug|Any CPU
		{009B20FA-1954-4D41-A2FD-038E9915F5E4}.Release|Any CPU.ActiveCfg = Release|Any CPU
		{009B20FA-1954-4D41-A2FD-038E9915F5E4}.Release|Any CPU.Build.0 = Release|Any CPU
		{D6335C92-856A-4F1F-9C0E-B703EAB120B6}.Debug|Any CPU.ActiveCfg = Debug|Any CPU
		{D6335C92-856A-4F1F-9C0E-B703EAB120B6}.Debug|Any CPU.Build.0 = Debug|Any CPU
		{D6335C92-856A-4F1F-9C0E-B703EAB120B6}.Release|Any CPU.ActiveCfg = Release|Any CPU
		{D6335C92-856A-4F1F-9C0E-B703EAB120B6}.Release|Any CPU.Build.0 = Release|Any CPU
		{D70090FF-9358-4947-BBC4-D287A02AF8BA}.Debug|Any CPU.ActiveCfg = Debug|Any CPU
		{D70090FF-9358-4947-BBC4-D287A02AF8BA}.Debug|Any CPU.Build.0 = Debug|Any CPU
		{D70090FF-9358-4947-BBC4-D287A02AF8BA}.Release|Any CPU.ActiveCfg = Release|Any CPU
		{D70090FF-9358-4947-BBC4-D287A02AF8BA}.Release|Any CPU.Build.0 = Release|Any CPU
		{B957B16E-1159-4BCD-80F2-7BB557450528}.Debug|Any CPU.ActiveCfg = Debug|Any CPU
		{B957B16E-1159-4BCD-80F2-7BB557450528}.Debug|Any CPU.Build.0 = Debug|Any CPU
		{B957B16E-1159-4BCD-80F2-7BB557450528}.Release|Any CPU.ActiveCfg = Release|Any CPU
		{B957B16E-1159-4BCD-80F2-7BB557450528}.Release|Any CPU.Build.0 = Release|Any CPU
		{9D50DB4D-E3FD-4B69-8B1C-9C0355F416E3}.Debug|Any CPU.ActiveCfg = Debug|Any CPU
		{9D50DB4D-E3FD-4B69-8B1C-9C0355F416E3}.Debug|Any CPU.Build.0 = Debug|Any CPU
		{9D50DB4D-E3FD-4B69-8B1C-9C0355F416E3}.Release|Any CPU.ActiveCfg = Release|Any CPU
		{9D50DB4D-E3FD-4B69-8B1C-9C0355F416E3}.Release|Any CPU.Build.0 = Release|Any CPU
		{D57B8BDC-0533-4D99-B0DD-F4555ED977BE}.Debug|Any CPU.ActiveCfg = Debug|Any CPU
		{D57B8BDC-0533-4D99-B0DD-F4555ED977BE}.Debug|Any CPU.Build.0 = Debug|Any CPU
		{D57B8BDC-0533-4D99-B0DD-F4555ED977BE}.Release|Any CPU.ActiveCfg = Release|Any CPU
		{D57B8BDC-0533-4D99-B0DD-F4555ED977BE}.Release|Any CPU.Build.0 = Release|Any CPU
		{D2CC7129-5AFB-44C0-B24C-BF803ECA00E8}.Debug|Any CPU.ActiveCfg = Debug|Any CPU
		{D2CC7129-5AFB-44C0-B24C-BF803ECA00E8}.Debug|Any CPU.Build.0 = Debug|Any CPU
		{D2CC7129-5AFB-44C0-B24C-BF803ECA00E8}.Release|Any CPU.ActiveCfg = Release|Any CPU
		{D2CC7129-5AFB-44C0-B24C-BF803ECA00E8}.Release|Any CPU.Build.0 = Release|Any CPU
		{E8B26422-0CCA-4CE4-98F3-23F241D83382}.Debug|Any CPU.ActiveCfg = Debug|Any CPU
		{E8B26422-0CCA-4CE4-98F3-23F241D83382}.Debug|Any CPU.Build.0 = Debug|Any CPU
		{E8B26422-0CCA-4CE4-98F3-23F241D83382}.Release|Any CPU.ActiveCfg = Release|Any CPU
		{E8B26422-0CCA-4CE4-98F3-23F241D83382}.Release|Any CPU.Build.0 = Release|Any CPU
		{AFC968BD-AE31-4A55-A165-F68C77826B27}.Debug|Any CPU.ActiveCfg = Debug|Any CPU
		{AFC968BD-AE31-4A55-A165-F68C77826B27}.Debug|Any CPU.Build.0 = Debug|Any CPU
		{AFC968BD-AE31-4A55-A165-F68C77826B27}.Release|Any CPU.ActiveCfg = Release|Any CPU
		{AFC968BD-AE31-4A55-A165-F68C77826B27}.Release|Any CPU.Build.0 = Release|Any CPU
		{A2950C12-B8E5-4538-B843-F82A35CACFBC}.Debug|Any CPU.ActiveCfg = Debug|Any CPU
		{A2950C12-B8E5-4538-B843-F82A35CACFBC}.Debug|Any CPU.Build.0 = Debug|Any CPU
		{A2950C12-B8E5-4538-B843-F82A35CACFBC}.Release|Any CPU.ActiveCfg = Release|Any CPU
		{A2950C12-B8E5-4538-B843-F82A35CACFBC}.Release|Any CPU.Build.0 = Release|Any CPU
		{13597408-EEC9-4DE0-93AA-46F7DF83CFDC}.Debug|Any CPU.ActiveCfg = Debug|Any CPU
		{13597408-EEC9-4DE0-93AA-46F7DF83CFDC}.Debug|Any CPU.Build.0 = Debug|Any CPU
		{13597408-EEC9-4DE0-93AA-46F7DF83CFDC}.Release|Any CPU.ActiveCfg = Release|Any CPU
		{13597408-EEC9-4DE0-93AA-46F7DF83CFDC}.Release|Any CPU.Build.0 = Release|Any CPU
		{1DCA2D12-B91B-4A1E-A40F-8B17E140ABD1}.Debug|Any CPU.ActiveCfg = Debug|Any CPU
		{1DCA2D12-B91B-4A1E-A40F-8B17E140ABD1}.Debug|Any CPU.Build.0 = Debug|Any CPU
		{1DCA2D12-B91B-4A1E-A40F-8B17E140ABD1}.Release|Any CPU.ActiveCfg = Release|Any CPU
		{1DCA2D12-B91B-4A1E-A40F-8B17E140ABD1}.Release|Any CPU.Build.0 = Release|Any CPU
		{C4486FD4-A75D-4CCD-A31C-0E13C9D8FCAA}.Debug|Any CPU.ActiveCfg = Debug|Any CPU
		{C4486FD4-A75D-4CCD-A31C-0E13C9D8FCAA}.Debug|Any CPU.Build.0 = Debug|Any CPU
		{C4486FD4-A75D-4CCD-A31C-0E13C9D8FCAA}.Release|Any CPU.ActiveCfg = Release|Any CPU
		{C4486FD4-A75D-4CCD-A31C-0E13C9D8FCAA}.Release|Any CPU.Build.0 = Release|Any CPU
		{534A8429-E043-4884-83B4-F689F877A13E}.Debug|Any CPU.ActiveCfg = Debug|Any CPU
		{534A8429-E043-4884-83B4-F689F877A13E}.Debug|Any CPU.Build.0 = Debug|Any CPU
		{534A8429-E043-4884-83B4-F689F877A13E}.Release|Any CPU.ActiveCfg = Release|Any CPU
		{534A8429-E043-4884-83B4-F689F877A13E}.Release|Any CPU.Build.0 = Release|Any CPU
		{B5DF76FA-0706-4CF0-8D14-B91B82227C8D}.Debug|Any CPU.ActiveCfg = Debug|Any CPU
		{B5DF76FA-0706-4CF0-8D14-B91B82227C8D}.Debug|Any CPU.Build.0 = Debug|Any CPU
		{B5DF76FA-0706-4CF0-8D14-B91B82227C8D}.Release|Any CPU.ActiveCfg = Release|Any CPU
		{B5DF76FA-0706-4CF0-8D14-B91B82227C8D}.Release|Any CPU.Build.0 = Release|Any CPU
		{D8A65B43-863E-4706-AA64-CBDC7CBF2928}.Debug|Any CPU.ActiveCfg = Debug|Any CPU
		{D8A65B43-863E-4706-AA64-CBDC7CBF2928}.Debug|Any CPU.Build.0 = Debug|Any CPU
		{D8A65B43-863E-4706-AA64-CBDC7CBF2928}.Release|Any CPU.ActiveCfg = Release|Any CPU
		{D8A65B43-863E-4706-AA64-CBDC7CBF2928}.Release|Any CPU.Build.0 = Release|Any CPU
		{2CEE5864-5056-42BC-B3B6-246B6FC1F489}.Debug|Any CPU.ActiveCfg = Debug|Any CPU
		{2CEE5864-5056-42BC-B3B6-246B6FC1F489}.Debug|Any CPU.Build.0 = Debug|Any CPU
		{2CEE5864-5056-42BC-B3B6-246B6FC1F489}.Release|Any CPU.ActiveCfg = Release|Any CPU
		{2CEE5864-5056-42BC-B3B6-246B6FC1F489}.Release|Any CPU.Build.0 = Release|Any CPU
	EndGlobalSection
	GlobalSection(SolutionProperties) = preSolution
		HideSolutionNode = FALSE
	EndGlobalSection
	GlobalSection(NestedProjects) = preSolution
		{3CCCC9A5-2967-4283-B731-DF7F0CCE881F} = {017AA779-A5BB-4CFF-BCD5-8168624420AE}
		{38365327-4951-4E17-971F-4A211AA2DDFA} = {017AA779-A5BB-4CFF-BCD5-8168624420AE}
		{F662FCFF-3014-41D6-9035-5A8DB70757C9} = {017AA779-A5BB-4CFF-BCD5-8168624420AE}
		{1C01FF8D-3ACF-4C53-9EF8-75A4E7067388} = {7B2D769F-DC8A-4135-AF60-A73D9357CC83}
		{009B20FA-1954-4D41-A2FD-038E9915F5E4} = {7B2D769F-DC8A-4135-AF60-A73D9357CC83}
		{5B1EF196-DD07-41E3-9F29-59DF98CF21BB} = {7B2D769F-DC8A-4135-AF60-A73D9357CC83}
		{D6335C92-856A-4F1F-9C0E-B703EAB120B6} = {017AA779-A5BB-4CFF-BCD5-8168624420AE}
		{D70090FF-9358-4947-BBC4-D287A02AF8BA} = {5B1EF196-DD07-41E3-9F29-59DF98CF21BB}
		{B957B16E-1159-4BCD-80F2-7BB557450528} = {5B1EF196-DD07-41E3-9F29-59DF98CF21BB}
		{9D50DB4D-E3FD-4B69-8B1C-9C0355F416E3} = {5B1EF196-DD07-41E3-9F29-59DF98CF21BB}
		{D57B8BDC-0533-4D99-B0DD-F4555ED977BE} = {7B2D769F-DC8A-4135-AF60-A73D9357CC83}
		{A7683B21-C306-4F3E-A14C-01C8F6448F03} = {7B2D769F-DC8A-4135-AF60-A73D9357CC83}
		{D2CC7129-5AFB-44C0-B24C-BF803ECA00E8} = {A7683B21-C306-4F3E-A14C-01C8F6448F03}
		{E8B26422-0CCA-4CE4-98F3-23F241D83382} = {A7683B21-C306-4F3E-A14C-01C8F6448F03}
		{599C3D36-3C2F-4739-A21C-679DBD273A52} = {7B2D769F-DC8A-4135-AF60-A73D9357CC83}
		{AFC968BD-AE31-4A55-A165-F68C77826B27} = {599C3D36-3C2F-4739-A21C-679DBD273A52}
		{A2950C12-B8E5-4538-B843-F82A35CACFBC} = {599C3D36-3C2F-4739-A21C-679DBD273A52}
		{13597408-EEC9-4DE0-93AA-46F7DF83CFDC} = {599C3D36-3C2F-4739-A21C-679DBD273A52}
		{1DCA2D12-B91B-4A1E-A40F-8B17E140ABD1} = {E8160E6D-9AB9-42E8-B3F3-2B7630DDFA36}
		{C4486FD4-A75D-4CCD-A31C-0E13C9D8FCAA} = {E8160E6D-9AB9-42E8-B3F3-2B7630DDFA36}
		{E8160E6D-9AB9-42E8-B3F3-2B7630DDFA36} = {017AA779-A5BB-4CFF-BCD5-8168624420AE}
		{534A8429-E043-4884-83B4-F689F877A13E} = {017AA779-A5BB-4CFF-BCD5-8168624420AE}
		{B5DF76FA-0706-4CF0-8D14-B91B82227C8D} = {017AA779-A5BB-4CFF-BCD5-8168624420AE}
		{D8A65B43-863E-4706-AA64-CBDC7CBF2928} = {017AA779-A5BB-4CFF-BCD5-8168624420AE}
		{2CEE5864-5056-42BC-B3B6-246B6FC1F489} = {017AA779-A5BB-4CFF-BCD5-8168624420AE}
	EndGlobalSection
	GlobalSection(ExtensibilityGlobals) = postSolution
		SolutionGuid = {5DFDF17A-30AC-4CFF-9492-B4208CCA3AC1}
	EndGlobalSection
EndGlobal
